
Microsoft Visual Studio Solution File, Format Version 11.00
# Visual Studio 2010
Project("{FAE04EC0-301F-11D3-BF4B-00C04F79EFBC}") = "Assembly-CSharp", "Assembly-CSharp.csproj", "{D80CF97D-CFCF-9F1A-1245-71C8E82A1E81}"
EndProject
Project("{FAE04EC0-301F-11D3-BF4B-00C04F79EFBC}") = "Assembly-CSharp-Editor", "Assembly-CSharp-Editor.csproj", "{F5C7240B-758D-2554-64DA-20416875852C}"
EndProject
Global
	GlobalSection(SolutionConfigurationPlatforms) = preSolution
		Debug|Any CPU = Debug|Any CPU
		Release|Any CPU = Release|Any CPU
	EndGlobalSection
	GlobalSection(ProjectConfigurationPlatforms) = postSolution
		{D80CF97D-CFCF-9F1A-1245-71C8E82A1E81}.Debug|Any CPU.ActiveCfg = Debug|Any CPU
		{D80CF97D-CFCF-9F1A-1245-71C8E82A1E81}.Debug|Any CPU.Build.0 = Debug|Any CPU
		{D80CF97D-CFCF-9F1A-1245-71C8E82A1E81}.Release|Any CPU.ActiveCfg = Release|Any CPU
		{D80CF97D-CFCF-9F1A-1245-71C8E82A1E81}.Release|Any CPU.Build.0 = Release|Any CPU
		{F5C7240B-758D-2554-64DA-20416875852C}.Debug|Any CPU.ActiveCfg = Debug|Any CPU
		{F5C7240B-758D-2554-64DA-20416875852C}.Debug|Any CPU.Build.0 = Debug|Any CPU
		{F5C7240B-758D-2554-64DA-20416875852C}.Release|Any CPU.ActiveCfg = Release|Any CPU
		{F5C7240B-758D-2554-64DA-20416875852C}.Release|Any CPU.Build.0 = Release|Any CPU
	EndGlobalSection
	GlobalSection(SolutionProperties) = preSolution
		HideSolutionNode = FALSE
	EndGlobalSection
	GlobalSection(MonoDevelopProperties) = preSolution
		StartupItem = Assembly-CSharp.csproj
	EndGlobalSection
EndGlobal
